
Microsoft Visual Studio Solution File, Format Version 12.00
# Visual Studio 2013
VisualStudioVersion = 12.0.31101.0
MinimumVisualStudioVersion = 10.0.40219.1
Project("{8BC9CEB8-8B4A-11D0-8D11-00A0C91BC942}") = "LP-SIM_affine_scaling_method", "LP-SIM_affine_scaling_method\LP-SIM_affine_scaling_method.vcxproj", "{DFD48B58-6EA7-45F1-A363-801E6175B1AD}"
EndProject
Global
	GlobalSection(SolutionConfigurationPlatforms) = preSolution
		Debug|Win32 = Debug|Win32
		Release|Win32 = Release|Win32
	EndGlobalSection
	GlobalSection(ProjectConfigurationPlatforms) = postSolution
		{DFD48B58-6EA7-45F1-A363-801E6175B1AD}.Debug|Win32.ActiveCfg = Debug|Win32
		{DFD48B58-6EA7-45F1-A363-801E6175B1AD}.Debug|Win32.Build.0 = Debug|Win32
		{DFD48B58-6EA7-45F1-A363-801E6175B1AD}.Release|Win32.ActiveCfg = Release|Win32
		{DFD48B58-6EA7-45F1-A363-801E6175B1AD}.Release|Win32.Build.0 = Release|Win32
	EndGlobalSection
	GlobalSection(SolutionProperties) = preSolution
		HideSolutionNode = FALSE
	EndGlobalSection
EndGlobal
